<?xml version="1.0" encoding="utf-8"?>
<Project ToolsVersion="4.0" xmlns="http://schemas.microsoft.com/developer/msbuild/2003">
  <ItemGroup>
    <Filter Include="Source Files">
      <UniqueIdentifier>{4FC737F1-C7A5-4376-A066-2A32D752A2FF}</UniqueIdentifier>
      <Extensions>cpp;c;cc;cxx;def;odl;idl;hpj;bat;asm;asmx</Extensions>
    </Filter>
    <Filter Include="Header Files">
      <UniqueIdentifier>{93995380-89BD-4b04-88EB-625FBE52EBFB}</UniqueIdentifier>
      <Extensions>h;hh;hpp;hxx;hm;inl;inc;ipp;xsd</Extensions>
    </Filter>
    <Filter Include="Resource Files">
      <UniqueIdentifier>{67DA6AB6-F800-4c08-8B7A-83BB121AAD01}</UniqueIdentifier>
      <Extensions>rc;ico;cur;bmp;dlg;rc2;rct;bin;rgs;gif;jpg;jpeg;jpe;resx;tiff;tif;png;wav;mfcribbon-ms</Extensions>
    </Filter>
    <Filter Include="GameComponents">
      <UniqueIdentifier>{a0e70644-6c26-4118-97e2-eebc3d6263e8}</UniqueIdentifier>
    </Filter>
    <Filter Include="Scenes">
      <UniqueIdentifier>{c4a649a1-787d-4824-be58-79818e5a8bb1}</UniqueIdentifier>
    </Filter>
    <Filter Include="GameComponents\Camera">
      <UniqueIdentifier>{0b140b3b-1cfa-42b3-8462-be3f69e17a7a}</UniqueIdentifier>
    </Filter>
    <Filter Include="Player">
      <UniqueIdentifier>{5ccd56d6-bc07-4944-a738-364dd0de2cd4}</UniqueIdentifier>
    </Filter>
    <Filter Include="Objects">
      <UniqueIdentifier>{b11386b6-3876-43a0-967a-502a4fb363db}</UniqueIdentifier>
    </Filter>
    <Filter Include="Objects\Boss">
      <UniqueIdentifier>{4c1c220c-d31f-4043-909e-c21a98d195c5}</UniqueIdentifier>
    </Filter>
    <Filter Include="Objects\Enemy">
      <UniqueIdentifier>{54c14a99-b28a-441b-a2ef-820eb1fd51d3}</UniqueIdentifier>
    </Filter>
    <Filter Include="Objects\Ground">
      <UniqueIdentifier>{ef5b21ec-02ed-46d0-9387-ec8885ea7d2a}</UniqueIdentifier>
    </Filter>
    <Filter Include="GameComponents\KeyBoard">
      <UniqueIdentifier>{4ca54f2a-2fa5-4fc7-83c5-0a768f891c96}</UniqueIdentifier>
    </Filter>
    <Filter Include="GameComponents\Debug">
      <UniqueIdentifier>{ae1166af-1e26-4bbf-8796-4eb0fc7f5cd4}</UniqueIdentifier>
    </Filter>
    <Filter Include="GameComponents\Texture">
      <UniqueIdentifier>{b55427b7-574d-4fdc-b04c-98c056f93ad5}</UniqueIdentifier>
    </Filter>
    <Filter Include="GameComponents\CGame">
      <UniqueIdentifier>{94514763-fd4b-457f-b57b-1614b474dcf6}</UniqueIdentifier>
    </Filter>
    <Filter Include="GameComponents\Sound">
      <UniqueIdentifier>{8a731da8-47d6-407b-b10b-7c1fd879d85f}</UniqueIdentifier>
    </Filter>
    <Filter Include="Objects\Weapon">
      <UniqueIdentifier>{28b620c2-b1f9-4562-bccb-caff92938234}</UniqueIdentifier>
    </Filter>
    <Filter Include="Objects\Effect">
      <UniqueIdentifier>{7c8cca33-b5b7-47c8-b30e-2da2955b0934}</UniqueIdentifier>
    </Filter>
    <Filter Include="Objects\Items">
      <UniqueIdentifier>{cab770fc-ba21-4c6f-a8b3-8c27e22cfb7b}</UniqueIdentifier>
    </Filter>
    <Filter Include="GameComponents\Board">
      <UniqueIdentifier>{8e6ff924-97b6-4819-a5e4-c23257a563fd}</UniqueIdentifier>
    </Filter>
    <Filter Include="GameComponents\Board\font">
      <UniqueIdentifier>{bcdf6863-8b79-4f44-849f-34bc306aa3f8}</UniqueIdentifier>
    </Filter>
    <Filter Include="GameComponents\Timer">
      <UniqueIdentifier>{764520b8-7128-4a29-9b33-aff9aa40aaab}</UniqueIdentifier>
    </Filter>
    <Filter Include="GameComponents\BackGround">
      <UniqueIdentifier>{e45f4803-7bcb-49af-978b-630e8c79b4f5}</UniqueIdentifier>
    </Filter>
  </ItemGroup>
  <ItemGroup>
    <ClInclude Include="Camera.h">
      <Filter>GameComponents\Camera</Filter>
    </ClInclude>
    <ClInclude Include="Ninja.h">
      <Filter>Player</Filter>
    </ClInclude>
    <ClInclude Include="CGameObject.h">
      <Filter>Objects</Filter>
    </ClInclude>
    <ClInclude Include="KeyBoard.h">
      <Filter>GameComponents\KeyBoard</Filter>
    </ClInclude>
    <ClInclude Include="Game.h">
      <Filter>Scenes</Filter>
    </ClInclude>
    <ClInclude Include="define.h">
      <Filter>GameComponents</Filter>
    </ClInclude>
    <ClInclude Include="debug.h">
      <Filter>GameComponents\Debug</Filter>
    </ClInclude>
    <ClInclude Include="Texture.h">
      <Filter>GameComponents\Texture</Filter>
    </ClInclude>
    <ClInclude Include="Sprite.h">
      <Filter>GameComponents\Texture</Filter>
    </ClInclude>
    <ClInclude Include="CGame.h">
      <Filter>GameComponents\CGame</Filter>
    </ClInclude>
    <ClInclude Include="Grid.h">
      <Filter>GameComponents</Filter>
    </ClInclude>
    <ClInclude Include="Dagger.h">
      <Filter>Objects\Enemy</Filter>
    </ClInclude>
    <ClInclude Include="BrownBird.h">
      <Filter>Objects\Enemy</Filter>
    </ClInclude>
    <ClInclude Include="Blade.h">
      <Filter>Objects\Enemy</Filter>
    </ClInclude>
    <ClInclude Include="Panther.h">
      <Filter>Objects\Enemy</Filter>
    </ClInclude>
    <ClInclude Include="BombGun.h">
      <Filter>Objects\Enemy</Filter>
    </ClInclude>
    <ClInclude Include="Footballguy.h">
      <Filter>Objects\Enemy</Filter>
    </ClInclude>
    <ClInclude Include="GunRage.h">
      <Filter>Objects\Enemy</Filter>
    </ClInclude>
    <ClInclude Include="Boss.h">
      <Filter>Objects\Boss</Filter>
    </ClInclude>
    <ClInclude Include="Stairs.h">
      <Filter>Objects\Ground</Filter>
    </ClInclude>
    <ClInclude Include="Brick.h">
      <Filter>Objects\Ground</Filter>
    </ClInclude>
    <ClInclude Include="BasicWeapon.h">
      <Filter>Objects\Weapon</Filter>
    </ClInclude>
    <ClInclude Include="CWeapon.h">
      <Filter>Objects\Weapon</Filter>
    </ClInclude>
    <ClInclude Include="CBlueShuriken.h">
      <Filter>Objects\Weapon</Filter>
    </ClInclude>
    <ClInclude Include="DSutil.h">
      <Filter>GameComponents\Sound</Filter>
    </ClInclude>
    <ClInclude Include="dxutil.h">
      <Filter>GameComponents\Sound</Filter>
    </ClInclude>
    <ClInclude Include="Dagger_Throw.h">
      <Filter>Objects\Weapon</Filter>
    </ClInclude>
    <ClInclude Include="BombGun_Fired.h">
      <Filter>Objects\Weapon</Filter>
    </ClInclude>
    <ClInclude Include="GunRage_Shoot.h">
      <Filter>Objects\Weapon</Filter>
    </ClInclude>
    <ClInclude Include="Sound.h">
      <Filter>GameComponents\Sound</Filter>
    </ClInclude>
    <ClInclude Include="CEnemyDie.h">
      <Filter>Objects\Effect</Filter>
    </ClInclude>
    <ClInclude Include="EffectManager.h">
      <Filter>Objects\Effect</Filter>
    </ClInclude>
    <ClInclude Include="Items.h">
      <Filter>Objects\Items</Filter>
    </ClInclude>
    <ClInclude Include="Butterfly.h">
      <Filter>Objects\Items</Filter>
    </ClInclude>
    <ClInclude Include="BlackBird.h">
      <Filter>Objects\Items</Filter>
    </ClInclude>
    <ClInclude Include="ItemBlueShuriken.h">
      <Filter>Objects\Items</Filter>
    </ClInclude>
    <ClInclude Include="ItemsManager.h">
      <Filter>Objects\Items</Filter>
    </ClInclude>
    <ClInclude Include="ItemRedShuriken.h">
      <Filter>Objects\Items</Filter>
    </ClInclude>
    <ClInclude Include="ItemFreezeTime.h">
      <Filter>Objects\Items</Filter>
    </ClInclude>
    <ClInclude Include="ItemBlueStack.h">
      <Filter>Objects\Items</Filter>
    </ClInclude>
    <ClInclude Include="ItemBluePoint.h">
      <Filter>Objects\Items</Filter>
    </ClInclude>
    <ClInclude Include="ItemHadoken.h">
      <Filter>Objects\Items</Filter>
    </ClInclude>
    <ClInclude Include="ItemHealth.h">
      <Filter>Objects\Items</Filter>
    </ClInclude>
    <ClInclude Include="ItemRedPoint.h">
      <Filter>Objects\Items</Filter>
    </ClInclude>
    <ClInclude Include="ItemRedStack.h">
      <Filter>Objects\Items</Filter>
    </ClInclude>
    <ClInclude Include="CRedShuriken.h">
      <Filter>Objects\Weapon</Filter>
    </ClInclude>
    <ClInclude Include="Scene.h">
      <Filter>Scenes</Filter>
    </ClInclude>
    <ClInclude Include="CBoard.h">
      <Filter>GameComponents\Board</Filter>
    </ClInclude>
    <ClInclude Include="Scene_Intro.h">
      <Filter>Scenes</Filter>
    </ClInclude>
    <ClInclude Include="SceneManager.h">
      <Filter>Scenes</Filter>
    </ClInclude>
    <ClInclude Include="Scene_Game.h">
      <Filter>Scenes</Filter>
    </ClInclude>
    <ClInclude Include="Font.h">
      <Filter>GameComponents\Board\font</Filter>
    </ClInclude>
    <ClInclude Include="CBoardHealth.h">
      <Filter>GameComponents\Board</Filter>
    </ClInclude>
    <ClInclude Include="Boss_bullet.h">
      <Filter>Objects\Weapon</Filter>
    </ClInclude>
    <ClInclude Include="Timer.h">
      <Filter>GameComponents\Timer</Filter>
    </ClInclude>
    <ClInclude Include="Game_Over.h">
      <Filter>Scenes</Filter>
    </ClInclude>
    <ClInclude Include="GameMap.h">
      <Filter>GameComponents\BackGround</Filter>
    </ClInclude>
    <ClInclude Include="Scene_End.h">
      <Filter>Scenes</Filter>
    </ClInclude>
    <ClInclude Include="CHaDoKen.h">
      <Filter>Objects\Weapon</Filter>
    </ClInclude>
  </ItemGroup>
  <ItemGroup>
    <ClCompile Include="main.cpp">
      <Filter>Source Files</Filter>
    </ClCompile>
    <ClCompile Include="Camera.cpp">
      <Filter>GameComponents\Camera</Filter>
    </ClCompile>
    <ClCompile Include="Ninja.cpp">
      <Filter>Player</Filter>
    </ClCompile>
    <ClCompile Include="CGameObject.cpp">
      <Filter>Objects</Filter>
    </ClCompile>
    <ClCompile Include="KeyBoard.cpp">
      <Filter>GameComponents\KeyBoard</Filter>
    </ClCompile>
    <ClCompile Include="Game.cpp">
      <Filter>Scenes</Filter>
    </ClCompile>
    <ClCompile Include="debug.cpp">
      <Filter>GameComponents\Debug</Filter>
    </ClCompile>
    <ClCompile Include="Texture.cpp">
      <Filter>GameComponents\Texture</Filter>
    </ClCompile>
    <ClCompile Include="Sprite.cpp">
      <Filter>GameComponents\Texture</Filter>
    </ClCompile>
    <ClCompile Include="CGame.cpp">
      <Filter>GameComponents\CGame</Filter>
    </ClCompile>
    <ClCompile Include="Grid.cpp">
      <Filter>GameComponents</Filter>
    </ClCompile>
    <ClCompile Include="Dagger.cpp">
      <Filter>Objects\Enemy</Filter>
    </ClCompile>
    <ClCompile Include="BrownBird.cpp">
      <Filter>Objects\Enemy</Filter>
    </ClCompile>
    <ClCompile Include="Blade.cpp">
      <Filter>Objects\Enemy</Filter>
    </ClCompile>
    <ClCompile Include="Panther.cpp">
      <Filter>Objects\Enemy</Filter>
    </ClCompile>
    <ClCompile Include="BombGun.cpp">
      <Filter>Objects\Enemy</Filter>
    </ClCompile>
    <ClCompile Include="Footballguy.cpp">
      <Filter>Objects\Enemy</Filter>
    </ClCompile>
    <ClCompile Include="GunRage.cpp">
      <Filter>Objects\Enemy</Filter>
    </ClCompile>
    <ClCompile Include="Boss.cpp">
      <Filter>Objects\Boss</Filter>
    </ClCompile>
    <ClCompile Include="Stairs.cpp">
      <Filter>Objects\Ground</Filter>
    </ClCompile>
    <ClCompile Include="Brick.cpp">
      <Filter>Objects\Ground</Filter>
    </ClCompile>
    <ClCompile Include="BasicWeapon.cpp">
      <Filter>Objects\Weapon</Filter>
    </ClCompile>
    <ClCompile Include="CWeapon.cpp">
      <Filter>Objects\Weapon</Filter>
    </ClCompile>
    <ClCompile Include="CBlueShuriken.cpp">
      <Filter>Objects\Weapon</Filter>
    </ClCompile>
    <ClCompile Include="DSutil.cpp">
      <Filter>GameComponents\Sound</Filter>
    </ClCompile>
    <ClCompile Include="dxutil.cpp">
      <Filter>GameComponents\Sound</Filter>
    </ClCompile>
    <ClCompile Include="Dagger_Throw.cpp">
      <Filter>Objects\Weapon</Filter>
    </ClCompile>
    <ClCompile Include="BombGun_Fired.cpp">
      <Filter>Objects\Weapon</Filter>
    </ClCompile>
    <ClCompile Include="GunRage_Shoot.cpp">
      <Filter>Objects\Weapon</Filter>
    </ClCompile>
    <ClCompile Include="Sound.cpp">
      <Filter>GameComponents\Sound</Filter>
    </ClCompile>
    <ClCompile Include="CEnemyDie.cpp">
      <Filter>Objects\Effect</Filter>
    </ClCompile>
    <ClCompile Include="EffectManager.cpp">
      <Filter>Objects\Effect</Filter>
    </ClCompile>
    <ClCompile Include="Items.cpp">
      <Filter>Objects\Items</Filter>
    </ClCompile>
    <ClCompile Include="Butterfly.cpp">
      <Filter>Objects\Items</Filter>
    </ClCompile>
    <ClCompile Include="BlackBird.cpp">
      <Filter>Objects\Items</Filter>
    </ClCompile>
    <ClCompile Include="ItemBlueShuriken.cpp">
      <Filter>Objects\Items</Filter>
    </ClCompile>
    <ClCompile Include="ItemsManager.cpp">
      <Filter>Objects\Items</Filter>
    </ClCompile>
    <ClCompile Include="ItemRedShuriken.cpp">
      <Filter>Objects\Items</Filter>
    </ClCompile>
    <ClCompile Include="ItemFreezeTime.cpp">
      <Filter>Objects\Items</Filter>
    </ClCompile>
    <ClCompile Include="ItemBlueStack.cpp">
      <Filter>Objects\Items</Filter>
    </ClCompile>
    <ClCompile Include="ItemRedStack.cpp">
      <Filter>Objects\Items</Filter>
    </ClCompile>
    <ClCompile Include="ItemBluePoint.cpp">
      <Filter>Objects\Items</Filter>
    </ClCompile>
    <ClCompile Include="ItemHadoken.cpp">
      <Filter>Objects\Items</Filter>
    </ClCompile>
    <ClCompile Include="ItemHealth.cpp">
      <Filter>Objects\Items</Filter>
    </ClCompile>
    <ClCompile Include="ItemRedPoint.cpp">
      <Filter>Objects\Items</Filter>
    </ClCompile>
    <ClCompile Include="CRedShuriken.cpp">
      <Filter>Objects\Weapon</Filter>
    </ClCompile>
    <ClCompile Include="Scene.cpp">
      <Filter>Scenes</Filter>
    </ClCompile>
    <ClCompile Include="CBoard.cpp">
      <Filter>GameComponents\Board</Filter>
    </ClCompile>
    <ClCompile Include="Scene_Intro.cpp">
      <Filter>Scenes</Filter>
    </ClCompile>
    <ClCompile Include="SceneManager.cpp">
      <Filter>Scenes</Filter>
    </ClCompile>
    <ClCompile Include="Scene_Game.cpp">
      <Filter>Scenes</Filter>
    </ClCompile>
    <ClCompile Include="define.cpp">
      <Filter>GameComponents</Filter>
    </ClCompile>
    <ClCompile Include="Font.cpp">
      <Filter>GameComponents\Board\font</Filter>
    </ClCompile>
    <ClCompile Include="CBoardHealth.cpp">
      <Filter>GameComponents\Board</Filter>
    </ClCompile>
    <ClCompile Include="Boss_bullet.cpp">
      <Filter>Objects\Weapon</Filter>
    </ClCompile>
    <ClCompile Include="Timer.cpp">
      <Filter>GameComponents\Timer</Filter>
    </ClCompile>
    <ClCompile Include="Game_Over.cpp">
      <Filter>Scenes</Filter>
    </ClCompile>
    <ClCompile Include="GameMap.cpp">
      <Filter>GameComponents\BackGround</Filter>
    </ClCompile>
    <ClCompile Include="Scene_End.cpp">
      <Filter>Scenes</Filter>
    </ClCompile>
    <ClCompile Include="CHaDoKen.cpp">
      <Filter>Objects\Weapon</Filter>
    </ClCompile>
  </ItemGroup>
  <ItemGroup>
    <None Include="ClassDiagram.cd" />
  </ItemGroup>
</Project>