<?xml version="1.0" encoding="utf-8"?>
<Project ToolsVersion="4.0" xmlns="http://schemas.microsoft.com/developer/msbuild/2003">
  <ItemGroup>
    <Filter Include="Source Files">
      <UniqueIdentifier>{4FC737F1-C7A5-4376-A066-2A32D752A2FF}</UniqueIdentifier>
      <Extensions>cpp;c;cc;cxx;def;odl;idl;hpj;bat;asm;asmx</Extensions>
    </Filter>
    <Filter Include="Header Files">
      <UniqueIdentifier>{93995380-89BD-4b04-88EB-625FBE52EBFB}</UniqueIdentifier>
      <Extensions>h;hh;hpp;hxx;hm;inl;inc;ipp;xsd</Extensions>
    </Filter>
    <Filter Include="Resource Files">
      <UniqueIdentifier>{67DA6AB6-F800-4c08-8B7A-83BB121AAD01}</UniqueIdentifier>
      <Extensions>rc;ico;cur;bmp;dlg;rc2;rct;bin;rgs;gif;jpg;jpeg;jpe;resx;tiff;tif;png;wav;mfcribbon-ms</Extensions>
    </Filter>
    <Filter Include="GameComponents">
      <UniqueIdentifier>{a0e70644-6c26-4118-97e2-eebc3d6263e8}</UniqueIdentifier>
    </Filter>
    <Filter Include="Scenes">
      <UniqueIdentifier>{c4a649a1-787d-4824-be58-79818e5a8bb1}</UniqueIdentifier>
    </Filter>
  </ItemGroup>
  <ItemGroup>
    <ClInclude Include="Texture.h">
      <Filter>GameComponents</Filter>
    </ClInclude>
    <ClInclude Include="CGame.h">
      <Filter>GameComponents</Filter>
    </ClInclude>
    <ClInclude Include="CGameObject.h">
      <Filter>GameComponents</Filter>
    </ClInclude>
    <ClInclude Include="debug.h">
      <Filter>GameComponents</Filter>
    </ClInclude>
    <ClInclude Include="Ninja.h">
      <Filter>GameComponents</Filter>
    </ClInclude>
    <ClInclude Include="Sprite.h">
      <Filter>GameComponents</Filter>
    </ClInclude>
    <ClInclude Include="Camera.h">
      <Filter>GameComponents</Filter>
    </ClInclude>
    <ClInclude Include="GameMap.h">
      <Filter>GameComponents</Filter>
    </ClInclude>
  </ItemGroup>
  <ItemGroup>
    <ClCompile Include="main.cpp">
      <Filter>Source Files</Filter>
    </ClCompile>
    <ClCompile Include="CGame.cpp">
      <Filter>GameComponents</Filter>
    </ClCompile>
    <ClCompile Include="CGameObject.cpp">
      <Filter>GameComponents</Filter>
    </ClCompile>
    <ClCompile Include="debug.cpp">
      <Filter>GameComponents</Filter>
    </ClCompile>
    <ClCompile Include="Ninja.cpp">
      <Filter>GameComponents</Filter>
    </ClCompile>
    <ClCompile Include="Sprite.cpp">
      <Filter>GameComponents</Filter>
    </ClCompile>
    <ClCompile Include="Texture.cpp">
      <Filter>GameComponents</Filter>
    </ClCompile>
    <ClCompile Include="Camera.cpp">
      <Filter>GameComponents</Filter>
    </ClCompile>
    <ClCompile Include="GameMap.cpp">
      <Filter>GameComponents</Filter>
    </ClCompile>
  </ItemGroup>
</Project>